
Microsoft Visual Studio Solution File, Format Version 12.00
# Visual Studio Version 17
VisualStudioVersion = 17.14.36414.22 d17.14
MinimumVisualStudioVersion = 10.0.40219.1
Project("{FAE04EC0-301F-11D3-BF4B-00C04F79EFBC}") = "Lokes-News-Add-Roles", "Lokes-News-Add-Roles\Lokes-News-Add-Roles.csproj", "{8CFD273B-486E-4A05-8682-916CEFEE82DF}"
EndProject
Global
	GlobalSection(SolutionConfigurationPlatforms) = preSolution
		Debug|Any CPU = Debug|Any CPU
		Release|Any CPU = Release|Any CPU
	EndGlobalSection
	GlobalSection(ProjectConfigurationPlatforms) = postSolution
		{8CFD273B-486E-4A05-8682-916CEFEE82DF}.Debug|Any CPU.ActiveCfg = Debug|Any CPU
		{8CFD273B-486E-4A05-8682-916CEFEE82DF}.Debug|Any CPU.Build.0 = Debug|Any CPU
		{8CFD273B-486E-4A05-8682-916CEFEE82DF}.Release|Any CPU.ActiveCfg = Release|Any CPU
		{8CFD273B-486E-4A05-8682-916CEFEE82DF}.Release|Any CPU.Build.0 = Release|Any CPU
	EndGlobalSection
	GlobalSection(SolutionProperties) = preSolution
		HideSolutionNode = FALSE
	EndGlobalSection
	GlobalSection(ExtensibilityGlobals) = postSolution
		SolutionGuid = {411E881D-63B8-4F4C-83CE-97E04E9DCAB3}
	EndGlobalSection
EndGlobal
